{
  "name": "colorpicker",
  "lockfileVersion": 3,
  "requires": true,
  "packages": {
    "": {
      "dependencies": {
        "colorjs.io": "^0.4.5"
      }
    },
    "node_modules/colorjs.io": {
      "version": "0.4.5",
      "resolved": "https://registry.npmjs.org/colorjs.io/-/colorjs.io-0.4.5.tgz",
      "integrity": "sha512-yCtUNCmge7llyfd/Wou19PMAcf5yC3XXhgFoAh6zsO2pGswhUPBaaUh8jzgHnXtXuZyFKzXZNAnyF5i+apICow=="
    }
  }
}
